
Microsoft Visual Studio Solution File, Format Version 12.00
# Visual Studio Version 17
VisualStudioVersion = 17.3.32811.315
MinimumVisualStudioVersion = 10.0.40219.1
Project("{FAE04EC0-301F-11D3-BF4B-00C04F79EFBC}") = "FantasyRPGFutureValue", "FantasyRPGFutureValue\FantasyRPGFutureValue.csproj", "{EB6EBC1D-AF19-4B13-B973-AED0E3D2FF93}"
EndProject
Global
	GlobalSection(SolutionConfigurationPlatforms) = preSolution
		Debug|Any CPU = Debug|Any CPU
		Release|Any CPU = Release|Any CPU
	EndGlobalSection
	GlobalSection(ProjectConfigurationPlatforms) = postSolution
		{EB6EBC1D-AF19-4B13-B973-AED0E3D2FF93}.Debug|Any CPU.ActiveCfg = Debug|Any CPU
		{EB6EBC1D-AF19-4B13-B973-AED0E3D2FF93}.Debug|Any CPU.Build.0 = Debug|Any CPU
		{EB6EBC1D-AF19-4B13-B973-AED0E3D2FF93}.Release|Any CPU.ActiveCfg = Release|Any CPU
		{EB6EBC1D-AF19-4B13-B973-AED0E3D2FF93}.Release|Any CPU.Build.0 = Release|Any CPU
	EndGlobalSection
	GlobalSection(SolutionProperties) = preSolution
		HideSolutionNode = FALSE
	EndGlobalSection
	GlobalSection(ExtensibilityGlobals) = postSolution
		SolutionGuid = {50881BC2-4A63-47A6-98CA-63D46120B2DF}
	EndGlobalSection
EndGlobal
